// !$*UTF8*$!
{
	archiveVersion = 1;
	classes = {
	};
	objectVersion = 50;
	objects = {

/* Begin PBXBuildFile section */
		2C30C2EF224DF27E007DD7C0 /* QuestionsBasket.swift in Sources */ = {isa = PBXBuildFile; fileRef = 2C30C2EE224DF27E007DD7C0 /* QuestionsBasket.swift */; };
		2CB2C1EB225B125200AECCEA /* question.swift in Sources */ = {isa = PBXBuildFile; fileRef = 2CFAF5712248B92700FF58B1 /* question.swift */; };
		2CFAF53F224897F800FF58B1 /* AppDelegate.swift in Sources */ = {isa = PBXBuildFile; fileRef = 2CFAF53E224897F800FF58B1 /* AppDelegate.swift */; };
		2CFAF541224897F800FF58B1 /* ViewController.swift in Sources */ = {isa = PBXBuildFile; fileRef = 2CFAF540224897F800FF58B1 /* ViewController.swift */; };
		2CFAF544224897F800FF58B1 /* Main.storyboard in Resources */ = {isa = PBXBuildFile; fileRef = 2CFAF542224897F800FF58B1 /* Main.storyboard */; };
		2CFAF547224897F800FF58B1 /* newTask03.xcdatamodeld in Sources */ = {isa = PBXBuildFile; fileRef = 2CFAF545224897F800FF58B1 /* newTask03.xcdatamodeld */; };
		2CFAF549224897FA00FF58B1 /* Assets.xcassets in Resources */ = {isa = PBXBuildFile; fileRef = 2CFAF548224897FA00FF58B1 /* Assets.xcassets */; };
		2CFAF54C224897FA00FF58B1 /* LaunchScreen.storyboard in Resources */ = {isa = PBXBuildFile; fileRef = 2CFAF54A224897FA00FF58B1 /* LaunchScreen.storyboard */; };
		2CFAF557224897FA00FF58B1 /* newTask03Tests.swift in Sources */ = {isa = PBXBuildFile; fileRef = 2CFAF556224897FA00FF58B1 /* newTask03Tests.swift */; };
		2CFAF562224897FA00FF58B1 /* newTask03UITests.swift in Sources */ = {isa = PBXBuildFile; fileRef = 2CFAF561224897FA00FF58B1 /* newTask03UITests.swift */; };
		2CFAF5722248B92700FF58B1 /* question.swift in Sources */ = {isa = PBXBuildFile; fileRef = 2CFAF5712248B92700FF58B1 /* question.swift */; };
/* End PBXBuildFile section */

/* Begin PBXContainerItemProxy section */
		2CFAF553224897FA00FF58B1 /* PBXContainerItemProxy */ = {
			isa = PBXContainerItemProxy;
			containerPortal = 2CFAF533224897F800FF58B1 /* Project object */;
			proxyType = 1;
			remoteGlobalIDString = 2CFAF53A224897F800FF58B1;
			remoteInfo = newTask03;
		};
		2CFAF55E224897FA00FF58B1 /* PBXContainerItemProxy */ = {
			isa = PBXContainerItemProxy;
			containerPortal = 2CFAF533224897F800FF58B1 /* Project object */;
			proxyType = 1;
			remoteGlobalIDString = 2CFAF53A224897F800FF58B1;
			remoteInfo = newTask03;
		};
/* End PBXContainerItemProxy section */

/* Begin PBXFileReference section */
		2C30C2EE224DF27E007DD7C0 /* QuestionsBasket.swift */ = {isa = PBXFileReference; lastKnownFileType = sourcecode.swift; path = QuestionsBasket.swift; sourceTree = "<group>"; };
		2CFAF53B224897F800FF58B1 /* newTask03.app */ = {isa = PBXFileReference; explicitFileType = wrapper.application; includeInIndex = 0; path = newTask03.app; sourceTree = BUILT_PRODUCTS_DIR; };
		2CFAF53E224897F800FF58B1 /* AppDelegate.swift */ = {isa = PBXFileReference; lastKnownFileType = sourcecode.swift; path = AppDelegate.swift; sourceTree = "<group>"; };
		2CFAF540224897F800FF58B1 /* ViewController.swift */ = {isa = PBXFileReference; lastKnownFileType = sourcecode.swift; path = ViewController.swift; sourceTree = "<group>"; };
		2CFAF543224897F800FF58B1 /* Base */ = {isa = PBXFileReference; lastKnownFileType = file.storyboard; name = Base; path = Base.lproj/Main.storyboard; sourceTree = "<group>"; };
		2CFAF546224897F800FF58B1 /* newTask03.xcdatamodel */ = {isa = PBXFileReference; lastKnownFileType = wrapper.xcdatamodel; path = newTask03.xcdatamodel; sourceTree = "<group>"; };
		2CFAF548224897FA00FF58B1 /* Assets.xcassets */ = {isa = PBXFileReference; lastKnownFileType = folder.assetcatalog; path = Assets.xcassets; sourceTree = "<group>"; };
		2CFAF54B224897FA00FF58B1 /* Base */ = {isa = PBXFileReference; lastKnownFileType = file.storyboard; name = Base; path = Base.lproj/LaunchScreen.storyboard; sourceTree = "<group>"; };
		2CFAF54D224897FA00FF58B1 /* Info.plist */ = {isa = PBXFileReference; lastKnownFileType = text.plist.xml; path = Info.plist; sourceTree = "<group>"; };
		2CFAF552224897FA00FF58B1 /* newTask03Tests.xctest */ = {isa = PBXFileReference; explicitFileType = wrapper.cfbundle; includeInIndex = 0; path = newTask03Tests.xctest; sourceTree = BUILT_PRODUCTS_DIR; };
		2CFAF556224897FA00FF58B1 /* newTask03Tests.swift */ = {isa = PBXFileReference; lastKnownFileType = sourcecode.swift; path = newTask03Tests.swift; sourceTree = "<group>"; };
		2CFAF558224897FA00FF58B1 /* Info.plist */ = {isa = PBXFileReference; lastKnownFileType = text.plist.xml; path = Info.plist; sourceTree = "<group>"; };
		2CFAF55D224897FA00FF58B1 /* newTask03UITests.xctest */ = {isa = PBXFileReference; explicitFileType = wrapper.cfbundle; includeInIndex = 0; path = newTask03UITests.xctest; sourceTree = BUILT_PRODUCTS_DIR; };
		2CFAF561224897FA00FF58B1 /* newTask03UITests.swift */ = {isa = PBXFileReference; lastKnownFileType = sourcecode.swift; path = newTask03UITests.swift; sourceTree = "<group>"; };
		2CFAF563224897FA00FF58B1 /* Info.plist */ = {isa = PBXFileReference; lastKnownFileType = text.plist.xml; path = Info.plist; sourceTree = "<group>"; };
		2CFAF5712248B92700FF58B1 /* question.swift */ = {isa = PBXFileReference; lastKnownFileType = sourcecode.swift; path = question.swift; sourceTree = "<group>"; };
/* End PBXFileReference section */

/* Begin PBXFrameworksBuildPhase section */
		2CFAF538224897F800FF58B1 /* Frameworks */ = {
			isa = PBXFrameworksBuildPhase;
			buildActionMask = 2147483647;
			files = (
			);
			runOnlyForDeploymentPostprocessing = 0;
		};
		2CFAF54F224897FA00FF58B1 /* Frameworks */ = {
			isa = PBXFrameworksBuildPhase;
			buildActionMask = 2147483647;
			files = (
			);
			runOnlyForDeploymentPostprocessing = 0;
		};
		2CFAF55A224897FA00FF58B1 /* Frameworks */ = {
			isa = PBXFrameworksBuildPhase;
			buildActionMask = 2147483647;
			files = (
			);
			runOnlyForDeploymentPostprocessing = 0;
		};
/* End PBXFrameworksBuildPhase section */

/* Begin PBXGroup section */
		2CB2C1E72259F13000AECCEA /* View */ = {
			isa = PBXGroup;
			children = (
				2CFAF542224897F800FF58B1 /* Main.storyboard */,
				2CFAF548224897FA00FF58B1 /* Assets.xcassets */,
			);
			path = View;
			sourceTree = "<group>";
		};
		2CB2C1E82259F13800AECCEA /* Controller */ = {
			isa = PBXGroup;
			children = (
				2CFAF53E224897F800FF58B1 /* AppDelegate.swift */,
				2CFAF540224897F800FF58B1 /* ViewController.swift */,
			);
			path = Controller;
			sourceTree = "<group>";
		};
		2CFAF532224897F800FF58B1 = {
			isa = PBXGroup;
			children = (
				2CFAF53D224897F800FF58B1 /* newTask03 */,
				2CFAF555224897FA00FF58B1 /* newTask03Tests */,
				2CFAF560224897FA00FF58B1 /* newTask03UITests */,
				2CFAF53C224897F800FF58B1 /* Products */,
			);
			sourceTree = "<group>";
		};
		2CFAF53C224897F800FF58B1 /* Products */ = {
			isa = PBXGroup;
			children = (
				2CFAF53B224897F800FF58B1 /* newTask03.app */,
				2CFAF552224897FA00FF58B1 /* newTask03Tests.xctest */,
				2CFAF55D224897FA00FF58B1 /* newTask03UITests.xctest */,
			);
			name = Products;
			sourceTree = "<group>";
		};
		2CFAF53D224897F800FF58B1 /* newTask03 */ = {
			isa = PBXGroup;
			children = (
				2CB2C1E82259F13800AECCEA /* Controller */,
				2CB2C1E72259F13000AECCEA /* View */,
				2CFAF5702248B6CA00FF58B1 /* Model */,
				2CFAF54A224897FA00FF58B1 /* LaunchScreen.storyboard */,
				2CFAF54D224897FA00FF58B1 /* Info.plist */,
				2CFAF545224897F800FF58B1 /* newTask03.xcdatamodeld */,
			);
			path = newTask03;
			sourceTree = "<group>";
		};
		2CFAF555224897FA00FF58B1 /* newTask03Tests */ = {
			isa = PBXGroup;
			children = (
				2CFAF556224897FA00FF58B1 /* newTask03Tests.swift */,
				2CFAF558224897FA00FF58B1 /* Info.plist */,
			);
			path = newTask03Tests;
			sourceTree = "<group>";
		};
		2CFAF560224897FA00FF58B1 /* newTask03UITests */ = {
			isa = PBXGroup;
			children = (
				2CFAF561224897FA00FF58B1 /* newTask03UITests.swift */,
				2CFAF563224897FA00FF58B1 /* Info.plist */,
			);
			path = newTask03UITests;
			sourceTree = "<group>";
		};
		2CFAF5702248B6CA00FF58B1 /* Model */ = {
			isa = PBXGroup;
			children = (
				2CFAF5712248B92700FF58B1 /* question.swift */,
				2C30C2EE224DF27E007DD7C0 /* QuestionsBasket.swift */,
			);
			path = Model;
			sourceTree = "<group>";
		};
/* End PBXGroup section */

/* Begin PBXNativeTarget section */
		2CFAF53A224897F800FF58B1 /* newTask03 */ = {
			isa = PBXNativeTarget;
			buildConfigurationList = 2CFAF566224897FA00FF58B1 /* Build configuration list for PBXNativeTarget "newTask03" */;
			buildPhases = (
				2CFAF537224897F800FF58B1 /* Sources */,
				2CFAF538224897F800FF58B1 /* Frameworks */,
				2CFAF539224897F800FF58B1 /* Resources */,
			);
			buildRules = (
			);
			dependencies = (
			);
			name = newTask03;
			productName = newTask03;
			productReference = 2CFAF53B224897F800FF58B1 /* newTask03.app */;
			productType = "com.apple.product-type.application";
		};
		2CFAF551224897FA00FF58B1 /* newTask03Tests */ = {
			isa = PBXNativeTarget;
			buildConfigurationList = 2CFAF569224897FA00FF58B1 /* Build configuration list for PBXNativeTarget "newTask03Tests" */;
			buildPhases = (
				2CFAF54E224897FA00FF58B1 /* Sources */,
				2CFAF54F224897FA00FF58B1 /* Frameworks */,
				2CFAF550224897FA00FF58B1 /* Resources */,
			);
			buildRules = (
			);
			dependencies = (
				2CFAF554224897FA00FF58B1 /* PBXTargetDependency */,
			);
			name = newTask03Tests;
			productName = newTask03Tests;
			productReference = 2CFAF552224897FA00FF58B1 /* newTask03Tests.xctest */;
			productType = "com.apple.product-type.bundle.unit-test";
		};
		2CFAF55C224897FA00FF58B1 /* newTask03UITests */ = {
			isa = PBXNativeTarget;
			buildConfigurationList = 2CFAF56C224897FA00FF58B1 /* Build configuration list for PBXNativeTarget "newTask03UITests" */;
			buildPhases = (
				2CFAF559224897FA00FF58B1 /* Sources */,
				2CFAF55A224897FA00FF58B1 /* Frameworks */,
				2CFAF55B224897FA00FF58B1 /* Resources */,
			);
			buildRules = (
			);
			dependencies = (
				2CFAF55F224897FA00FF58B1 /* PBXTargetDependency */,
			);
			name = newTask03UITests;
			productName = newTask03UITests;
			productReference = 2CFAF55D224897FA00FF58B1 /* newTask03UITests.xctest */;
			productType = "com.apple.product-type.bundle.ui-testing";
		};
/* End PBXNativeTarget section */

/* Begin PBXProject section */
		2CFAF533224897F800FF58B1 /* Project object */ = {
			isa = PBXProject;
			attributes = {
				LastSwiftUpdateCheck = 1010;
				LastUpgradeCheck = 1010;
				ORGANIZATIONNAME = swinburne;
				TargetAttributes = {
					2CFAF53A224897F800FF58B1 = {
						CreatedOnToolsVersion = 10.1;
					};
					2CFAF551224897FA00FF58B1 = {
						CreatedOnToolsVersion = 10.1;
						TestTargetID = 2CFAF53A224897F800FF58B1;
					};
					2CFAF55C224897FA00FF58B1 = {
						CreatedOnToolsVersion = 10.1;
						TestTargetID = 2CFAF53A224897F800FF58B1;
					};
				};
			};
			buildConfigurationList = 2CFAF536224897F800FF58B1 /* Build configuration list for PBXProject "newTask03" */;
			compatibilityVersion = "Xcode 9.3";
			developmentRegion = en;
			hasScannedForEncodings = 0;
			knownRegions = (
				en,
				Base,
			);
			mainGroup = 2CFAF532224897F800FF58B1;
			productRefGroup = 2CFAF53C224897F800FF58B1 /* Products */;
			projectDirPath = "";
			projectRoot = "";
			targets = (
				2CFAF53A224897F800FF58B1 /* newTask03 */,
				2CFAF551224897FA00FF58B1 /* newTask03Tests */,
				2CFAF55C224897FA00FF58B1 /* newTask03UITests */,
			);
		};
/* End PBXProject section */

/* Begin PBXResourcesBuildPhase section */
		2CFAF539224897F800FF58B1 /* Resources */ = {
			isa = PBXResourcesBuildPhase;
			buildActionMask = 2147483647;
			files = (
				2CFAF54C224897FA00FF58B1 /* LaunchScreen.storyboard in Resources */,
				2CFAF549224897FA00FF58B1 /* Assets.xcassets in Resources */,
				2CFAF544224897F800FF58B1 /* Main.storyboard in Resources */,
			);
			runOnlyForDeploymentPostprocessing = 0;
		};
		2CFAF550224897FA00FF58B1 /* Resources */ = {
			isa = PBXResourcesBuildPhase;
			buildActionMask = 2147483647;
			files = (
			);
			runOnlyForDeploymentPostprocessing = 0;
		};
		2CFAF55B224897FA00FF58B1 /* Resources */ = {
			isa = PBXResourcesBuildPhase;
			buildActionMask = 2147483647;
			files = (
			);
			runOnlyForDeploymentPostprocessing = 0;
		};
/* End PBXResourcesBuildPhase section */

/* Begin PBXSourcesBuildPhase section */
		2CFAF537224897F800FF58B1 /* Sources */ = {
			isa = PBXSourcesBuildPhase;
			buildActionMask = 2147483647;
			files = (
				2CFAF547224897F800FF58B1 /* newTask03.xcdatamodeld in Sources */,
				2CFAF5722248B92700FF58B1 /* question.swift in Sources */,
				2C30C2EF224DF27E007DD7C0 /* QuestionsBasket.swift in Sources */,
				2CFAF541224897F800FF58B1 /* ViewController.swift in Sources */,
				2CFAF53F224897F800FF58B1 /* AppDelegate.swift in Sources */,
			);
			runOnlyForDeploymentPostprocessing = 0;
		};
		2CFAF54E224897FA00FF58B1 /* Sources */ = {
			isa = PBXSourcesBuildPhase;
			buildActionMask = 2147483647;
			files = (
				2CFAF557224897FA00FF58B1 /* newTask03Tests.swift in Sources */,
				2CB2C1EB225B125200AECCEA /* question.swift in Sources */,
			);
			runOnlyForDeploymentPostprocessing = 0;
		};
		2CFAF559224897FA00FF58B1 /* Sources */ = {
			isa = PBXSourcesBuildPhase;
			buildActionMask = 2147483647;
			files = (
				2CFAF562224897FA00FF58B1 /* newTask03UITests.swift in Sources */,
			);
			runOnlyForDeploymentPostprocessing = 0;
		};
/* End PBXSourcesBuildPhase section */

/* Begin PBXTargetDependency section */
		2CFAF554224897FA00FF58B1 /* PBXTargetDependency */ = {
			isa = PBXTargetDependency;
			target = 2CFAF53A224897F800FF58B1 /* newTask03 */;
			targetProxy = 2CFAF553224897FA00FF58B1 /* PBXContainerItemProxy */;
		};
		2CFAF55F224897FA00FF58B1 /* PBXTargetDependency */ = {
			isa = PBXTargetDependency;
			target = 2CFAF53A224897F800FF58B1 /* newTask03 */;
			targetProxy = 2CFAF55E224897FA00FF58B1 /* PBXContainerItemProxy */;
		};
/* End PBXTargetDependency section */

/* Begin PBXVariantGroup section */
		2CFAF542224897F800FF58B1 /* Main.storyboard */ = {
			isa = PBXVariantGroup;
			children = (
				2CFAF543224897F800FF58B1 /* Base */,
			);
			name = Main.storyboard;
			sourceTree = "<group>";
		};
		2CFAF54A224897FA00FF58B1 /* LaunchScreen.storyboard */ = {
			isa = PBXVariantGroup;
			children = (
				2CFAF54B224897FA00FF58B1 /* Base */,
			);
			name = LaunchScreen.storyboard;
			sourceTree = "<group>";
		};
/* End PBXVariantGroup section */

/* Begin XCBuildConfiguration section */
		2CFAF564224897FA00FF58B1 /* Debug */ = {
			isa = XCBuildConfiguration;
			buildSettings = {
				ALWAYS_SEARCH_USER_PATHS = NO;
				CLANG_ANALYZER_NONNULL = YES;
				CLANG_ANALYZER_NUMBER_OBJECT_CONVERSION = YES_AGGRESSIVE;
				CLANG_CXX_LANGUAGE_STANDARD = "gnu++14";
				CLANG_CXX_LIBRARY = "libc++";
				CLANG_ENABLE_MODULES = YES;
				CLANG_ENABLE_OBJC_ARC = YES;
				CLANG_ENABLE_OBJC_WEAK = YES;
				CLANG_WARN_BLOCK_CAPTURE_AUTORELEASING = YES;
				CLANG_WARN_BOOL_CONVERSION = YES;
				CLANG_WARN_COMMA = YES;
				CLANG_WARN_CONSTANT_CONVERSION = YES;
				CLANG_WARN_DEPRECATED_OBJC_IMPLEMENTATIONS = YES;
				CLANG_WARN_DIRECT_OBJC_ISA_USAGE = YES_ERROR;
				CLANG_WARN_DOCUMENTATION_COMMENTS = YES;
				CLANG_WARN_EMPTY_BODY = YES;
				CLANG_WARN_ENUM_CONVERSION = YES;
				CLANG_WARN_INFINITE_RECURSION = YES;
				CLANG_WARN_INT_CONVERSION = YES;
				CLANG_WARN_NON_LITERAL_NULL_CONVERSION = YES;
				CLANG_WARN_OBJC_IMPLICIT_RETAIN_SELF = YES;
				CLANG_WARN_OBJC_LITERAL_CONVERSION = YES;
				CLANG_WARN_OBJC_ROOT_CLASS = YES_ERROR;
				CLANG_WARN_RANGE_LOOP_ANALYSIS = YES;
				CLANG_WARN_STRICT_PROTOTYPES = YES;
				CLANG_WARN_SUSPICIOUS_MOVE = YES;
				CLANG_WARN_UNGUARDED_AVAILABILITY = YES_AGGRESSIVE;
				CLANG_WARN_UNREACHABLE_CODE = YES;
				CLANG_WARN__DUPLICATE_METHOD_MATCH = YES;
				CODE_SIGN_IDENTITY = "iPhone Developer";
				COPY_PHASE_STRIP = NO;
				DEBUG_INFORMATION_FORMAT = dwarf;
				ENABLE_STRICT_OBJC_MSGSEND = YES;
				ENABLE_TESTABILITY = YES;
				GCC_C_LANGUAGE_STANDARD = gnu11;
				GCC_DYNAMIC_NO_PIC = NO;
				GCC_NO_COMMON_BLOCKS = YES;
				GCC_OPTIMIZATION_LEVEL = 0;
				GCC_PREPROCESSOR_DEFINITIONS = (
					"DEBUG=1",
					"$(inherited)",
				);
				GCC_WARN_64_TO_32_BIT_CONVERSION = YES;
				GCC_WARN_ABOUT_RETURN_TYPE = YES_ERROR;
				GCC_WARN_UNDECLARED_SELECTOR = YES;
				GCC_WARN_UNINITIALIZED_AUTOS = YES_AGGRESSIVE;
				GCC_WARN_UNUSED_FUNCTION = YES;
				GCC_WARN_UNUSED_VARIABLE = YES;
				IPHONEOS_DEPLOYMENT_TARGET = 12.1;
				MTL_ENABLE_DEBUG_INFO = INCLUDE_SOURCE;
				MTL_FAST_MATH = YES;
				ONLY_ACTIVE_ARCH = YES;
				SDKROOT = iphoneos;
				SWIFT_ACTIVE_COMPILATION_CONDITIONS = DEBUG;
				SWIFT_OPTIMIZATION_LEVEL = "-Onone";
			};
			name = Debug;
		};
		2CFAF565224897FA00FF58B1 /* Release */ = {
			isa = XCBuildConfiguration;
			buildSettings = {
				ALWAYS_SEARCH_USER_PATHS = NO;
				CLANG_ANALYZER_NONNULL = YES;
				CLANG_ANALYZER_NUMBER_OBJECT_CONVERSION = YES_AGGRESSIVE;
				CLANG_CXX_LANGUAGE_STANDARD = "gnu++14";
				CLANG_CXX_LIBRARY = "libc++";
				CLANG_ENABLE_MODULES = YES;
				CLANG_ENABLE_OBJC_ARC = YES;
				CLANG_ENABLE_OBJC_WEAK = YES;
				CLANG_WARN_BLOCK_CAPTURE_AUTORELEASING = YES;
				CLANG_WARN_BOOL_CONVERSION = YES;
				CLANG_WARN_COMMA = YES;
				CLANG_WARN_CONSTANT_CONVERSION = YES;
				CLANG_WARN_DEPRECATED_OBJC_IMPLEMENTATIONS = YES;
				CLANG_WARN_DIRECT_OBJC_ISA_USAGE = YES_ERROR;
				CLANG_WARN_DOCUMENTATION_COMMENTS = YES;
				CLANG_WARN_EMPTY_BODY = YES;
				CLANG_WARN_ENUM_CONVERSION = YES;
				CLANG_WARN_INFINITE_RECURSION = YES;
				CLANG_WARN_INT_CONVERSION = YES;
				CLANG_WARN_NON_LITERAL_NULL_CONVERSION = YES;
				CLANG_WARN_OBJC_IMPLICIT_RETAIN_SELF = YES;
				CLANG_WARN_OBJC_LITERAL_CONVERSION = YES;
				CLANG_WARN_OBJC_ROOT_CLASS = YES_ERROR;
				CLANG_WARN_RANGE_LOOP_ANALYSIS = YES;
				CLANG_WARN_STRICT_PROTOTYPES = YES;
				CLANG_WARN_SUSPICIOUS_MOVE = YES;
				CLANG_WARN_UNGUARDED_AVAILABILITY = YES_AGGRESSIVE;
				CLANG_WARN_UNREACHABLE_CODE = YES;
				CLANG_WARN__DUPLICATE_METHOD_MATCH = YES;
				CODE_SIGN_IDENTITY = "iPhone Developer";
				COPY_PHASE_STRIP = NO;
				DEBUG_INFORMATION_FORMAT = "dwarf-with-dsym";
				ENABLE_NS_ASSERTIONS = NO;
				ENABLE_STRICT_OBJC_MSGSEND = YES;
				GCC_C_LANGUAGE_STANDARD = gnu11;
				GCC_NO_COMMON_BLOCKS = YES;
				GCC_WARN_64_TO_32_BIT_CONVERSION = YES;
				GCC_WARN_ABOUT_RETURN_TYPE = YES_ERROR;
				GCC_WARN_UNDECLARED_SELECTOR = YES;
				GCC_WARN_UNINITIALIZED_AUTOS = YES_AGGRESSIVE;
				GCC_WARN_UNUSED_FUNCTION = YES;
				GCC_WARN_UNUSED_VARIABLE = YES;
				IPHONEOS_DEPLOYMENT_TARGET = 12.1;
				MTL_ENABLE_DEBUG_INFO = NO;
				MTL_FAST_MATH = YES;
				SDKROOT = iphoneos;
				SWIFT_COMPILATION_MODE = wholemodule;
				SWIFT_OPTIMIZATION_LEVEL = "-O";
				VALIDATE_PRODUCT = YES;
			};
			name = Release;
		};
		2CFAF567224897FA00FF58B1 /* Debug */ = {
			isa = XCBuildConfiguration;
			buildSettings = {
				ASSETCATALOG_COMPILER_APPICON_NAME = AppIcon;
				CODE_SIGN_STYLE = Automatic;
				DEVELOPMENT_TEAM = RU2VL8HMH2;
				INFOPLIST_FILE = newTask03/Info.plist;
				LD_RUNPATH_SEARCH_PATHS = (
					"$(inherited)",
					"@executable_path/Frameworks",
				);
				PRODUCT_BUNDLE_IDENTIFIER = au.com.swinburne.yj.newTask03;
				PRODUCT_NAME = "$(TARGET_NAME)";
				SWIFT_VERSION = 4.2;
				TARGETED_DEVICE_FAMILY = "1,2";
			};
			name = Debug;
		};
		2CFAF568224897FA00FF58B1 /* Release */ = {
			isa = XCBuildConfiguration;
			buildSettings = {
				ASSETCATALOG_COMPILER_APPICON_NAME = AppIcon;
				CODE_SIGN_STYLE = Automatic;
				DEVELOPMENT_TEAM = RU2VL8HMH2;
				INFOPLIST_FILE = newTask03/Info.plist;
				LD_RUNPATH_SEARCH_PATHS = (
					"$(inherited)",
					"@executable_path/Frameworks",
				);
				PRODUCT_BUNDLE_IDENTIFIER = au.com.swinburne.yj.newTask03;
				PRODUCT_NAME = "$(TARGET_NAME)";
				SWIFT_VERSION = 4.2;
				TARGETED_DEVICE_FAMILY = "1,2";
			};
			name = Release;
		};
		2CFAF56A224897FA00FF58B1 /* Debug */ = {
			isa = XCBuildConfiguration;
			buildSettings = {
				ALWAYS_EMBED_SWIFT_STANDARD_LIBRARIES = YES;
				BUNDLE_LOADER = "$(TEST_HOST)";
				CODE_SIGN_STYLE = Automatic;
				DEVELOPMENT_TEAM = RU2VL8HMH2;
				INFOPLIST_FILE = newTask03Tests/Info.plist;
				LD_RUNPATH_SEARCH_PATHS = (
					"$(inherited)",
					"@executable_path/Frameworks",
					"@loader_path/Frameworks",
				);
				PRODUCT_BUNDLE_IDENTIFIER = au.com.swinburne.yj.newTask03Tests;
				PRODUCT_NAME = "$(TARGET_NAME)";
				SWIFT_VERSION = 4.2;
				TARGETED_DEVICE_FAMILY = "1,2";
				TEST_HOST = "$(BUILT_PRODUCTS_DIR)/newTask03.app/newTask03";
			};
			name = Debug;
		};
		2CFAF56B224897FA00FF58B1 /* Release */ = {
			isa = XCBuildConfiguration;
			buildSettings = {
				ALWAYS_EMBED_SWIFT_STANDARD_LIBRARIES = YES;
				BUNDLE_LOADER = "$(TEST_HOST)";
				CODE_SIGN_STYLE = Automatic;
				DEVELOPMENT_TEAM = RU2VL8HMH2;
				INFOPLIST_FILE = newTask03Tests/Info.plist;
				LD_RUNPATH_SEARCH_PATHS = (
					"$(inherited)",
					"@executable_path/Frameworks",
					"@loader_path/Frameworks",
				);
				PRODUCT_BUNDLE_IDENTIFIER = au.com.swinburne.yj.newTask03Tests;
				PRODUCT_NAME = "$(TARGET_NAME)";
				SWIFT_VERSION = 4.2;
				TARGETED_DEVICE_FAMILY = "1,2";
				TEST_HOST = "$(BUILT_PRODUCTS_DIR)/newTask03.app/newTask03";
			};
			name = Release;
		};
		2CFAF56D224897FA00FF58B1 /* Debug */ = {
			isa = XCBuildConfiguration;
			buildSettings = {
				ALWAYS_EMBED_SWIFT_STANDARD_LIBRARIES = YES;
				CODE_SIGN_STYLE = Automatic;
				DEVELOPMENT_TEAM = RU2VL8HMH2;
				INFOPLIST_FILE = newTask03UITests/Info.plist;
				LD_RUNPATH_SEARCH_PATHS = (
					"$(inherited)",
					"@executable_path/Frameworks",
					"@loader_path/Frameworks",
				);
				PRODUCT_BUNDLE_IDENTIFIER = au.com.swinburne.yj.newTask03UITests;
				PRODUCT_NAME = "$(TARGET_NAME)";
				SWIFT_VERSION = 4.2;
				TARGETED_DEVICE_FAMILY = "1,2";
				TEST_TARGET_NAME = newTask03;
			};
			name = Debug;
		};
		2CFAF56E224897FA00FF58B1 /* Release */ = {
			isa = XCBuildConfiguration;
			buildSettings = {
				ALWAYS_EMBED_SWIFT_STANDARD_LIBRARIES = YES;
				CODE_SIGN_STYLE = Automatic;
				DEVELOPMENT_TEAM = RU2VL8HMH2;
				INFOPLIST_FILE = newTask03UITests/Info.plist;
				LD_RUNPATH_SEARCH_PATHS = (
					"$(inherited)",
					"@executable_path/Frameworks",
					"@loader_path/Frameworks",
				);
				PRODUCT_BUNDLE_IDENTIFIER = au.com.swinburne.yj.newTask03UITests;
				PRODUCT_NAME = "$(TARGET_NAME)";
				SWIFT_VERSION = 4.2;
				TARGETED_DEVICE_FAMILY = "1,2";
				TEST_TARGET_NAME = newTask03;
			};
			name = Release;
		};
/* End XCBuildConfiguration section */

/* Begin XCConfigurationList section */
		2CFAF536224897F800FF58B1 /* Build configuration list for PBXProject "newTask03" */ = {
			isa = XCConfigurationList;
			buildConfigurations = (
				2CFAF564224897FA00FF58B1 /* Debug */,
				2CFAF565224897FA00FF58B1 /* Release */,
			);
			defaultConfigurationIsVisible = 0;
			defaultConfigurationName = Release;
		};
		2CFAF566224897FA00FF58B1 /* Build configuration list for PBXNativeTarget "newTask03" */ = {
			isa = XCConfigurationList;
			buildConfigurations = (
				2CFAF567224897FA00FF58B1 /* Debug */,
				2CFAF568224897FA00FF58B1 /* Release */,
			);
			defaultConfigurationIsVisible = 0;
			defaultConfigurationName = Release;
		};
		2CFAF569224897FA00FF58B1 /* Build configuration list for PBXNativeTarget "newTask03Tests" */ = {
			isa = XCConfigurationList;
			buildConfigurations = (
				2CFAF56A224897FA00FF58B1 /* Debug */,
				2CFAF56B224897FA00FF58B1 /* Release */,
			);
			defaultConfigurationIsVisible = 0;
			defaultConfigurationName = Release;
		};
		2CFAF56C224897FA00FF58B1 /* Build configuration list for PBXNativeTarget "newTask03UITests" */ = {
			isa = XCConfigurationList;
			buildConfigurations = (
				2CFAF56D224897FA00FF58B1 /* Debug */,
				2CFAF56E224897FA00FF58B1 /* Release */,
			);
			defaultConfigurationIsVisible = 0;
			defaultConfigurationName = Release;
		};
/* End XCConfigurationList section */

/* Begin XCVersionGroup section */
		2CFAF545224897F800FF58B1 /* newTask03.xcdatamodeld */ = {
			isa = XCVersionGroup;
			children = (
				2CFAF546224897F800FF58B1 /* newTask03.xcdatamodel */,
			);
			currentVersion = 2CFAF546224897F800FF58B1 /* newTask03.xcdatamodel */;
			path = newTask03.xcdatamodeld;
			sourceTree = "<group>";
			versionGroupType = wrapper.xcdatamodel;
		};
/* End XCVersionGroup section */
	};
	rootObject = 2CFAF533224897F800FF58B1 /* Project object */;
}
